Microsoft Visual Studio Solution File, Format Version 12.00
# Visual Studio Version 17
VisualStudioVersion = 17.5.2.0
MinimumVisualStudioVersion = 10.0.40219.1
Project("{FAE04EC0-301F-11D3-BF4B-00C04F79EFBC}") = "apis-dotnet", "apis-dotnet.csproj", "{893505FF-9AEF-611F-D57E-42AAC289629C}"
EndProject
Global
	GlobalSection(SolutionConfigurationPlatforms) = preSolution
		Debug|Any CPU = Debug|Any CPU
		Release|Any CPU = Release|Any CPU
	EndGlobalSection
	GlobalSection(ProjectConfigurationPlatforms) = postSolution
		{893505FF-9AEF-611F-D57E-42AAC289629C}.Debug|Any CPU.ActiveCfg = Debug|Any CPU
		{893505FF-9AEF-611F-D57E-42AAC289629C}.Debug|Any CPU.Build.0 = Debug|Any CPU
		{893505FF-9AEF-611F-D57E-42AAC289629C}.Release|Any CPU.ActiveCfg = Release|Any CPU
		{893505FF-9AEF-611F-D57E-42AAC289629C}.Release|Any CPU.Build.0 = Release|Any CPU
	EndGlobalSection
	GlobalSection(SolutionProperties) = preSolution
		HideSolutionNode = FALSE
	EndGlobalSection
	GlobalSection(ExtensibilityGlobals) = postSolution
		SolutionGuid = {03B9FF9E-1E54-4B62-8CAB-4F234D39BF1F}
	EndGlobalSection
EndGlobal
